
Microsoft Visual Studio Solution File, Format Version 12.00
# Visual Studio Version 16
VisualStudioVersion = 16.0.30804.86
MinimumVisualStudioVersion = 10.0.40219.1
Project("{9A19103F-16F7-4668-BE54-9A1E7A4F7556}") = "TreinamentoWatson", "TreinamentoWatson\TreinamentoWatson.csproj", "{FC708304-A2C1-43ED-B6C2-F3AE7C28234A}"
EndProject
Project("{2150E333-8FDC-42A3-9474-1A3956D46DE8}") = "Shared", "Shared", "{EFD5551B-3FA9-456A-AAA4-813C2C7F14BC}"
EndProject
Project("{9A19103F-16F7-4668-BE54-9A1E7A4F7556}") = "Shared.Util", "Shared.Util\Shared.Util.csproj", "{891DA855-0C73-44F8-85B4-32944A5D9C6B}"
EndProject
Project("{2150E333-8FDC-42A3-9474-1A3956D46DE8}") = "4-Infra", "4-Infra", "{BCC9CEA9-7163-4143-A827-3AAD1A3A406D}"
EndProject
Project("{2150E333-8FDC-42A3-9474-1A3956D46DE8}") = "3-Domain", "3-Domain", "{7449AD5F-2759-4CA8-9345-5A801B95C7D8}"
EndProject
Project("{9A19103F-16F7-4668-BE54-9A1E7A4F7556}") = "Domain.Modelos", "Domain.Modelos\Domain.Modelos.csproj", "{7EEF3DA3-6005-4EE1-A8CC-EE132FB4B033}"
EndProject
Project("{9A19103F-16F7-4668-BE54-9A1E7A4F7556}") = "Domain.Interfaces", "Domain.Interfaces\Domain.Interfaces.csproj", "{AC99CDA3-CC2A-48AD-AC00-C3B7AEDB57DE}"
EndProject
Project("{9A19103F-16F7-4668-BE54-9A1E7A4F7556}") = "Domain", "Domain\Domain.csproj", "{0205FCDC-5D1E-4EC6-B1C9-E615B48C5662}"
EndProject
Project("{2150E333-8FDC-42A3-9474-1A3956D46DE8}") = "2-Application", "2-Application", "{A09E491C-F55E-4B26-A278-0315322F2E8E}"
EndProject
Project("{9A19103F-16F7-4668-BE54-9A1E7A4F7556}") = "AppService", "AppService\AppService.csproj", "{E5E7A656-D4DE-4362-85F0-1110B464F96A}"
EndProject
Project("{2150E333-8FDC-42A3-9474-1A3956D46DE8}") = "1-Host", "1-Host", "{ED06983C-4F46-4B17-83E9-E57C47E39188}"
EndProject
Project("{9A19103F-16F7-4668-BE54-9A1E7A4F7556}") = "Watson", "Watson\Watson.csproj", "{96D54A05-5159-4FB8-A747-50AA05B8A3FB}"
EndProject
Project("{9A19103F-16F7-4668-BE54-9A1E7A4F7556}") = "IoC", "IoC\IoC.csproj", "{F4E93EBC-8568-4C17-929C-ABCF3F721B7C}"
EndProject
Project("{FAE04EC0-301F-11D3-BF4B-00C04F79EFBC}") = "AppService.Test", "AppService.Test\AppService.Test.csproj", "{4340554D-3C03-4BAA-A70C-089571395910}"
EndProject
Project("{FAE04EC0-301F-11D3-BF4B-00C04F79EFBC}") = "Domain.Test", "Domain.Test\Domain.Test.csproj", "{62BEBF59-770D-4EAE-AB05-1D2B2FFF401E}"
EndProject
Global
	GlobalSection(SolutionConfigurationPlatforms) = preSolution
		Debug|Any CPU = Debug|Any CPU
		Release|Any CPU = Release|Any CPU
	EndGlobalSection
	GlobalSection(ProjectConfigurationPlatforms) = postSolution
		{FC708304-A2C1-43ED-B6C2-F3AE7C28234A}.Debug|Any CPU.ActiveCfg = Debug|Any CPU
		{FC708304-A2C1-43ED-B6C2-F3AE7C28234A}.Debug|Any CPU.Build.0 = Debug|Any CPU
		{FC708304-A2C1-43ED-B6C2-F3AE7C28234A}.Release|Any CPU.ActiveCfg = Release|Any CPU
		{FC708304-A2C1-43ED-B6C2-F3AE7C28234A}.Release|Any CPU.Build.0 = Release|Any CPU
		{891DA855-0C73-44F8-85B4-32944A5D9C6B}.Debug|Any CPU.ActiveCfg = Debug|Any CPU
		{891DA855-0C73-44F8-85B4-32944A5D9C6B}.Debug|Any CPU.Build.0 = Debug|Any CPU
		{891DA855-0C73-44F8-85B4-32944A5D9C6B}.Release|Any CPU.ActiveCfg = Release|Any CPU
		{891DA855-0C73-44F8-85B4-32944A5D9C6B}.Release|Any CPU.Build.0 = Release|Any CPU
		{7EEF3DA3-6005-4EE1-A8CC-EE132FB4B033}.Debug|Any CPU.ActiveCfg = Debug|Any CPU
		{7EEF3DA3-6005-4EE1-A8CC-EE132FB4B033}.Debug|Any CPU.Build.0 = Debug|Any CPU
		{7EEF3DA3-6005-4EE1-A8CC-EE132FB4B033}.Release|Any CPU.ActiveCfg = Release|Any CPU
		{7EEF3DA3-6005-4EE1-A8CC-EE132FB4B033}.Release|Any CPU.Build.0 = Release|Any CPU
		{AC99CDA3-CC2A-48AD-AC00-C3B7AEDB57DE}.Debug|Any CPU.ActiveCfg = Debug|Any CPU
		{AC99CDA3-CC2A-48AD-AC00-C3B7AEDB57DE}.Debug|Any CPU.Build.0 = Debug|Any CPU
		{AC99CDA3-CC2A-48AD-AC00-C3B7AEDB57DE}.Release|Any CPU.ActiveCfg = Release|Any CPU
		{AC99CDA3-CC2A-48AD-AC00-C3B7AEDB57DE}.Release|Any CPU.Build.0 = Release|Any CPU
		{0205FCDC-5D1E-4EC6-B1C9-E615B48C5662}.Debug|Any CPU.ActiveCfg = Debug|Any CPU
		{0205FCDC-5D1E-4EC6-B1C9-E615B48C5662}.Debug|Any CPU.Build.0 = Debug|Any CPU
		{0205FCDC-5D1E-4EC6-B1C9-E615B48C5662}.Release|Any CPU.ActiveCfg = Release|Any CPU
		{0205FCDC-5D1E-4EC6-B1C9-E615B48C5662}.Release|Any CPU.Build.0 = Release|Any CPU
		{E5E7A656-D4DE-4362-85F0-1110B464F96A}.Debug|Any CPU.ActiveCfg = Debug|Any CPU
		{E5E7A656-D4DE-4362-85F0-1110B464F96A}.Debug|Any CPU.Build.0 = Debug|Any CPU
		{E5E7A656-D4DE-4362-85F0-1110B464F96A}.Release|Any CPU.ActiveCfg = Release|Any CPU
		{E5E7A656-D4DE-4362-85F0-1110B464F96A}.Release|Any CPU.Build.0 = Release|Any CPU
		{96D54A05-5159-4FB8-A747-50AA05B8A3FB}.Debug|Any CPU.ActiveCfg = Debug|Any CPU
		{96D54A05-5159-4FB8-A747-50AA05B8A3FB}.Debug|Any CPU.Build.0 = Debug|Any CPU
		{96D54A05-5159-4FB8-A747-50AA05B8A3FB}.Release|Any CPU.ActiveCfg = Release|Any CPU
		{96D54A05-5159-4FB8-A747-50AA05B8A3FB}.Release|Any CPU.Build.0 = Release|Any CPU
		{F4E93EBC-8568-4C17-929C-ABCF3F721B7C}.Debug|Any CPU.ActiveCfg = Debug|Any CPU
		{F4E93EBC-8568-4C17-929C-ABCF3F721B7C}.Debug|Any CPU.Build.0 = Debug|Any CPU
		{F4E93EBC-8568-4C17-929C-ABCF3F721B7C}.Release|Any CPU.ActiveCfg = Release|Any CPU
		{F4E93EBC-8568-4C17-929C-ABCF3F721B7C}.Release|Any CPU.Build.0 = Release|Any CPU
		{4340554D-3C03-4BAA-A70C-089571395910}.Debug|Any CPU.ActiveCfg = Debug|Any CPU
		{4340554D-3C03-4BAA-A70C-089571395910}.Debug|Any CPU.Build.0 = Debug|Any CPU
		{4340554D-3C03-4BAA-A70C-089571395910}.Release|Any CPU.ActiveCfg = Release|Any CPU
		{4340554D-3C03-4BAA-A70C-089571395910}.Release|Any CPU.Build.0 = Release|Any CPU
		{62BEBF59-770D-4EAE-AB05-1D2B2FFF401E}.Debug|Any CPU.ActiveCfg = Debug|Any CPU
		{62BEBF59-770D-4EAE-AB05-1D2B2FFF401E}.Debug|Any CPU.Build.0 = Debug|Any CPU
		{62BEBF59-770D-4EAE-AB05-1D2B2FFF401E}.Release|Any CPU.ActiveCfg = Release|Any CPU
		{62BEBF59-770D-4EAE-AB05-1D2B2FFF401E}.Release|Any CPU.Build.0 = Release|Any CPU
	EndGlobalSection
	GlobalSection(SolutionProperties) = preSolution
		HideSolutionNode = FALSE
	EndGlobalSection
	GlobalSection(NestedProjects) = preSolution
		{FC708304-A2C1-43ED-B6C2-F3AE7C28234A} = {BCC9CEA9-7163-4143-A827-3AAD1A3A406D}
		{891DA855-0C73-44F8-85B4-32944A5D9C6B} = {EFD5551B-3FA9-456A-AAA4-813C2C7F14BC}
		{7EEF3DA3-6005-4EE1-A8CC-EE132FB4B033} = {7449AD5F-2759-4CA8-9345-5A801B95C7D8}
		{AC99CDA3-CC2A-48AD-AC00-C3B7AEDB57DE} = {7449AD5F-2759-4CA8-9345-5A801B95C7D8}
		{0205FCDC-5D1E-4EC6-B1C9-E615B48C5662} = {7449AD5F-2759-4CA8-9345-5A801B95C7D8}
		{E5E7A656-D4DE-4362-85F0-1110B464F96A} = {A09E491C-F55E-4B26-A278-0315322F2E8E}
		{96D54A05-5159-4FB8-A747-50AA05B8A3FB} = {ED06983C-4F46-4B17-83E9-E57C47E39188}
		{F4E93EBC-8568-4C17-929C-ABCF3F721B7C} = {BCC9CEA9-7163-4143-A827-3AAD1A3A406D}
		{4340554D-3C03-4BAA-A70C-089571395910} = {A09E491C-F55E-4B26-A278-0315322F2E8E}
		{62BEBF59-770D-4EAE-AB05-1D2B2FFF401E} = {7449AD5F-2759-4CA8-9345-5A801B95C7D8}
	EndGlobalSection
	GlobalSection(ExtensibilityGlobals) = postSolution
		SolutionGuid = {88CC59BD-8104-49D4-9AEC-D414183658BD}
	EndGlobalSection
EndGlobal
